// !$*UTF8*$!
{
	archiveVersion = 1;
	classes = {
	};
	objectVersion = 55;
	objects = {

/* Begin PBXBuildFile section */
		703D2E9A28E697D600D7E952 /* Comic_app_karincaApp.swift in Sources */ = {isa = PBXBuildFile; fileRef = 703D2E9928E697D600D7E952 /* Comic_app_karincaApp.swift */; };
		703D2E9C28E697D600D7E952 /* ContentView.swift in Sources */ = {isa = PBXBuildFile; fileRef = 703D2E9B28E697D600D7E952 /* ContentView.swift */; };
		703D2E9E28E697D700D7E952 /* Assets.xcassets in Resources */ = {isa = PBXBuildFile; fileRef = 703D2E9D28E697D700D7E952 /* Assets.xcassets */; };
		703D2EA128E697D700D7E952 /* Preview Assets.xcassets in Resources */ = {isa = PBXBuildFile; fileRef = 703D2EA028E697D700D7E952 /* Preview Assets.xcassets */; };
		703D2EAA28E6999E00D7E952 /* Network.swift in Sources */ = {isa = PBXBuildFile; fileRef = 703D2EA928E6999E00D7E952 /* Network.swift */; };
		703D2EAD28E6C6D400D7E952 /* HomeView.swift in Sources */ = {isa = PBXBuildFile; fileRef = 703D2EAC28E6C6D400D7E952 /* HomeView.swift */; };
		703D2EAF28E6C6E700D7E952 /* NavBar.swift in Sources */ = {isa = PBXBuildFile; fileRef = 703D2EAE28E6C6E700D7E952 /* NavBar.swift */; };
		703D2EB128E6C6F400D7E952 /* Favourites.swift in Sources */ = {isa = PBXBuildFile; fileRef = 703D2EB028E6C6F400D7E952 /* Favourites.swift */; };
		703D2EB328E6C72B00D7E952 /* Search.swift in Sources */ = {isa = PBXBuildFile; fileRef = 703D2EB228E6C72B00D7E952 /* Search.swift */; };
/* End PBXBuildFile section */

/* Begin PBXFileReference section */
		703D2E9628E697D600D7E952 /* Comic-app-karinca.app */ = {isa = PBXFileReference; explicitFileType = wrapper.application; includeInIndex = 0; path = "Comic-app-karinca.app"; sourceTree = BUILT_PRODUCTS_DIR; };
		703D2E9928E697D600D7E952 /* Comic_app_karincaApp.swift */ = {isa = PBXFileReference; lastKnownFileType = sourcecode.swift; path = Comic_app_karincaApp.swift; sourceTree = "<group>"; };
		703D2E9B28E697D600D7E952 /* ContentView.swift */ = {isa = PBXFileReference; lastKnownFileType = sourcecode.swift; path = ContentView.swift; sourceTree = "<group>"; };
		703D2E9D28E697D700D7E952 /* Assets.xcassets */ = {isa = PBXFileReference; lastKnownFileType = folder.assetcatalog; path = Assets.xcassets; sourceTree = "<group>"; };
		703D2EA028E697D700D7E952 /* Preview Assets.xcassets */ = {isa = PBXFileReference; lastKnownFileType = folder.assetcatalog; path = "Preview Assets.xcassets"; sourceTree = "<group>"; };
		703D2EA928E6999E00D7E952 /* Network.swift */ = {isa = PBXFileReference; lastKnownFileType = sourcecode.swift; path = Network.swift; sourceTree = "<group>"; };
		703D2EAC28E6C6D400D7E952 /* HomeView.swift */ = {isa = PBXFileReference; lastKnownFileType = sourcecode.swift; path = HomeView.swift; sourceTree = "<group>"; };
		703D2EAE28E6C6E700D7E952 /* NavBar.swift */ = {isa = PBXFileReference; lastKnownFileType = sourcecode.swift; path = NavBar.swift; sourceTree = "<group>"; };
		703D2EB028E6C6F400D7E952 /* Favourites.swift */ = {isa = PBXFileReference; lastKnownFileType = sourcecode.swift; path = Favourites.swift; sourceTree = "<group>"; };
		703D2EB228E6C72B00D7E952 /* Search.swift */ = {isa = PBXFileReference; lastKnownFileType = sourcecode.swift; path = Search.swift; sourceTree = "<group>"; };
/* End PBXFileReference section */

/* Begin PBXFrameworksBuildPhase section */
		703D2E9328E697D600D7E952 /* Frameworks */ = {
			isa = PBXFrameworksBuildPhase;
			buildActionMask = 2147483647;
			files = (
			);
			runOnlyForDeploymentPostprocessing = 0;
		};
/* End PBXFrameworksBuildPhase section */

/* Begin PBXGroup section */
		703D2E8D28E697D600D7E952 = {
			isa = PBXGroup;
			children = (
				703D2E9828E697D600D7E952 /* Comic-app-karinca */,
				703D2E9728E697D600D7E952 /* Products */,
			);
			sourceTree = "<group>";
		};
		703D2E9728E697D600D7E952 /* Products */ = {
			isa = PBXGroup;
			children = (
				703D2E9628E697D600D7E952 /* Comic-app-karinca.app */,
			);
			name = Products;
			sourceTree = "<group>";
		};
		703D2E9828E697D600D7E952 /* Comic-app-karinca */ = {
			isa = PBXGroup;
			children = (
				703D2EA728E6996600D7E952 /* Views */,
				703D2E9928E697D600D7E952 /* Comic_app_karincaApp.swift */,
				703D2EA828E6997B00D7E952 /* Constants */,
				703D2E9D28E697D700D7E952 /* Assets.xcassets */,
				703D2E9F28E697D700D7E952 /* Preview Content */,
			);
			path = "Comic-app-karinca";
			sourceTree = "<group>";
		};
		703D2E9F28E697D700D7E952 /* Preview Content */ = {
			isa = PBXGroup;
			children = (
				703D2EA028E697D700D7E952 /* Preview Assets.xcassets */,
			);
			path = "Preview Content";
			sourceTree = "<group>";
		};
		703D2EA728E6996600D7E952 /* Views */ = {
			isa = PBXGroup;
			children = (
				703D2E9B28E697D600D7E952 /* ContentView.swift */,
				703D2EAB28E6C6BD00D7E952 /* Main */,
			);
			path = Views;
			sourceTree = "<group>";
		};
		703D2EA828E6997B00D7E952 /* Constants */ = {
			isa = PBXGroup;
			children = (
				703D2EA928E6999E00D7E952 /* Network.swift */,
			);
			path = Constants;
			sourceTree = "<group>";
		};
		703D2EAB28E6C6BD00D7E952 /* Main */ = {
			isa = PBXGroup;
			children = (
				703D2EAC28E6C6D400D7E952 /* HomeView.swift */,
				703D2EAE28E6C6E700D7E952 /* NavBar.swift */,
				703D2EB028E6C6F400D7E952 /* Favourites.swift */,
				703D2EB228E6C72B00D7E952 /* Search.swift */,
			);
			path = Main;
			sourceTree = "<group>";
		};
/* End PBXGroup section */

/* Begin PBXNativeTarget section */
		703D2E9528E697D600D7E952 /* Comic-app-karinca */ = {
			isa = PBXNativeTarget;
			buildConfigurationList = 703D2EA428E697D700D7E952 /* Build configuration list for PBXNativeTarget "Comic-app-karinca" */;
			buildPhases = (
				703D2E9228E697D600D7E952 /* Sources */,
				703D2E9328E697D600D7E952 /* Frameworks */,
				703D2E9428E697D600D7E952 /* Resources */,
			);
			buildRules = (
			);
			dependencies = (
			);
			name = "Comic-app-karinca";
			productName = "Comic-app-karinca";
			productReference = 703D2E9628E697D600D7E952 /* Comic-app-karinca.app */;
			productType = "com.apple.product-type.application";
		};
/* End PBXNativeTarget section */

/* Begin PBXProject section */
		703D2E8E28E697D600D7E952 /* Project object */ = {
			isa = PBXProject;
			attributes = {
				BuildIndependentTargetsInParallel = 1;
				LastSwiftUpdateCheck = 1340;
				LastUpgradeCheck = 1340;
				TargetAttributes = {
					703D2E9528E697D600D7E952 = {
						CreatedOnToolsVersion = 13.4.1;
					};
				};
			};
			buildConfigurationList = 703D2E9128E697D600D7E952 /* Build configuration list for PBXProject "Comic-app-karinca" */;
			compatibilityVersion = "Xcode 13.0";
			developmentRegion = en;
			hasScannedForEncodings = 0;
			knownRegions = (
				en,
				Base,
			);
			mainGroup = 703D2E8D28E697D600D7E952;
			productRefGroup = 703D2E9728E697D600D7E952 /* Products */;
			projectDirPath = "";
			projectRoot = "";
			targets = (
				703D2E9528E697D600D7E952 /* Comic-app-karinca */,
			);
		};
/* End PBXProject section */

/* Begin PBXResourcesBuildPhase section */
		703D2E9428E697D600D7E952 /* Resources */ = {
			isa = PBXResourcesBuildPhase;
			buildActionMask = 2147483647;
			files = (
				703D2EA128E697D700D7E952 /* Preview Assets.xcassets in Resources */,
				703D2E9E28E697D700D7E952 /* Assets.xcassets in Resources */,
			);
			runOnlyForDeploymentPostprocessing = 0;
		};
/* End PBXResourcesBuildPhase section */

/* Begin PBXSourcesBuildPhase section */
		703D2E9228E697D600D7E952 /* Sources */ = {
			isa = PBXSourcesBuildPhase;
			buildActionMask = 2147483647;
			files = (
				703D2EAF28E6C6E700D7E952 /* NavBar.swift in Sources */,
				703D2EB128E6C6F400D7E952 /* Favourites.swift in Sources */,
				703D2E9C28E697D600D7E952 /* ContentView.swift in Sources */,
				703D2EAD28E6C6D400D7E952 /* HomeView.swift in Sources */,
				703D2E9A28E697D600D7E952 /* Comic_app_karincaApp.swift in Sources */,
				703D2EAA28E6999E00D7E952 /* Network.swift in Sources */,
				703D2EB328E6C72B00D7E952 /* Search.swift in Sources */,
			);
			runOnlyForDeploymentPostprocessing = 0;
		};
/* End PBXSourcesBuildPhase section */

/* Begin XCBuildConfiguration section */
		703D2EA228E697D700D7E952 /* Debug */ = {
			isa = XCBuildConfiguration;
			buildSettings = {
				ALWAYS_SEARCH_USER_PATHS = NO;
				CLANG_ANALYZER_NONNULL = YES;
				CLANG_ANALYZER_NUMBER_OBJECT_CONVERSION = YES_AGGRESSIVE;
				CLANG_CXX_LANGUAGE_STANDARD = "gnu++17";
				CLANG_ENABLE_MODULES = YES;
				CLANG_ENABLE_OBJC_ARC = YES;
				CLANG_ENABLE_OBJC_WEAK = YES;
				CLANG_WARN_BLOCK_CAPTURE_AUTORELEASING = YES;
				CLANG_WARN_BOOL_CONVERSION = YES;
				CLANG_WARN_COMMA = YES;
				CLANG_WARN_CONSTANT_CONVERSION = YES;
				CLANG_WARN_DEPRECATED_OBJC_IMPLEMENTATIONS = YES;
				CLANG_WARN_DIRECT_OBJC_ISA_USAGE = YES_ERROR;
				CLANG_WARN_DOCUMENTATION_COMMENTS = YES;
				CLANG_WARN_EMPTY_BODY = YES;
				CLANG_WARN_ENUM_CONVERSION = YES;
				CLANG_WARN_INFINITE_RECURSION = YES;
				CLANG_WARN_INT_CONVERSION = YES;
				CLANG_WARN_NON_LITERAL_NULL_CONVERSION = YES;
				CLANG_WARN_OBJC_IMPLICIT_RETAIN_SELF = YES;
				CLANG_WARN_OBJC_LITERAL_CONVERSION = YES;
				CLANG_WARN_OBJC_ROOT_CLASS = YES_ERROR;
				CLANG_WARN_QUOTED_INCLUDE_IN_FRAMEWORK_HEADER = YES;
				CLANG_WARN_RANGE_LOOP_ANALYSIS = YES;
				CLANG_WARN_STRICT_PROTOTYPES = YES;
				CLANG_WARN_SUSPICIOUS_MOVE = YES;
				CLANG_WARN_UNGUARDED_AVAILABILITY = YES_AGGRESSIVE;
				CLANG_WARN_UNREACHABLE_CODE = YES;
				CLANG_WARN__DUPLICATE_METHOD_MATCH = YES;
				COPY_PHASE_STRIP = NO;
				DEBUG_INFORMATION_FORMAT = dwarf;
				ENABLE_STRICT_OBJC_MSGSEND = YES;
				ENABLE_TESTABILITY = YES;
				GCC_C_LANGUAGE_STANDARD = gnu11;
				GCC_DYNAMIC_NO_PIC = NO;
				GCC_NO_COMMON_BLOCKS = YES;
				GCC_OPTIMIZATION_LEVEL = 0;
				GCC_PREPROCESSOR_DEFINITIONS = (
					"DEBUG=1",
					"$(inherited)",
				);
				GCC_WARN_64_TO_32_BIT_CONVERSION = YES;
				GCC_WARN_ABOUT_RETURN_TYPE = YES_ERROR;
				GCC_WARN_UNDECLARED_SELECTOR = YES;
				GCC_WARN_UNINITIALIZED_AUTOS = YES_AGGRESSIVE;
				GCC_WARN_UNUSED_FUNCTION = YES;
				GCC_WARN_UNUSED_VARIABLE = YES;
				IPHONEOS_DEPLOYMENT_TARGET = 15.5;
				MTL_ENABLE_DEBUG_INFO = INCLUDE_SOURCE;
				MTL_FAST_MATH = YES;
				ONLY_ACTIVE_ARCH = YES;
				SDKROOT = iphoneos;
				SWIFT_ACTIVE_COMPILATION_CONDITIONS = DEBUG;
				SWIFT_OPTIMIZATION_LEVEL = "-Onone";
			};
			name = Debug;
		};
		703D2EA328E697D700D7E952 /* Release */ = {
			isa = XCBuildConfiguration;
			buildSettings = {
				ALWAYS_SEARCH_USER_PATHS = NO;
				CLANG_ANALYZER_NONNULL = YES;
				CLANG_ANALYZER_NUMBER_OBJECT_CONVERSION = YES_AGGRESSIVE;
				CLANG_CXX_LANGUAGE_STANDARD = "gnu++17";
				CLANG_ENABLE_MODULES = YES;
				CLANG_ENABLE_OBJC_ARC = YES;
				CLANG_ENABLE_OBJC_WEAK = YES;
				CLANG_WARN_BLOCK_CAPTURE_AUTORELEASING = YES;
				CLANG_WARN_BOOL_CONVERSION = YES;
				CLANG_WARN_COMMA = YES;
				CLANG_WARN_CONSTANT_CONVERSION = YES;
				CLANG_WARN_DEPRECATED_OBJC_IMPLEMENTATIONS = YES;
				CLANG_WARN_DIRECT_OBJC_ISA_USAGE = YES_ERROR;
				CLANG_WARN_DOCUMENTATION_COMMENTS = YES;
				CLANG_WARN_EMPTY_BODY = YES;
				CLANG_WARN_ENUM_CONVERSION = YES;
				CLANG_WARN_INFINITE_RECURSION = YES;
				CLANG_WARN_INT_CONVERSION = YES;
				CLANG_WARN_NON_LITERAL_NULL_CONVERSION = YES;
				CLANG_WARN_OBJC_IMPLICIT_RETAIN_SELF = YES;
				CLANG_WARN_OBJC_LITERAL_CONVERSION = YES;
				CLANG_WARN_OBJC_ROOT_CLASS = YES_ERROR;
				CLANG_WARN_QUOTED_INCLUDE_IN_FRAMEWORK_HEADER = YES;
				CLANG_WARN_RANGE_LOOP_ANALYSIS = YES;
				CLANG_WARN_STRICT_PROTOTYPES = YES;
				CLANG_WARN_SUSPICIOUS_MOVE = YES;
				CLANG_WARN_UNGUARDED_AVAILABILITY = YES_AGGRESSIVE;
				CLANG_WARN_UNREACHABLE_CODE = YES;
				CLANG_WARN__DUPLICATE_METHOD_MATCH = YES;
				COPY_PHASE_STRIP = NO;
				DEBUG_INFORMATION_FORMAT = "dwarf-with-dsym";
				ENABLE_NS_ASSERTIONS = NO;
				ENABLE_STRICT_OBJC_MSGSEND = YES;
				GCC_C_LANGUAGE_STANDARD = gnu11;
				GCC_NO_COMMON_BLOCKS = YES;
				GCC_WARN_64_TO_32_BIT_CONVERSION = YES;
				GCC_WARN_ABOUT_RETURN_TYPE = YES_ERROR;
				GCC_WARN_UNDECLARED_SELECTOR = YES;
				GCC_WARN_UNINITIALIZED_AUTOS = YES_AGGRESSIVE;
				GCC_WARN_UNUSED_FUNCTION = YES;
				GCC_WARN_UNUSED_VARIABLE = YES;
				IPHONEOS_DEPLOYMENT_TARGET = 15.5;
				MTL_ENABLE_DEBUG_INFO = NO;
				MTL_FAST_MATH = YES;
				SDKROOT = iphoneos;
				SWIFT_COMPILATION_MODE = wholemodule;
				SWIFT_OPTIMIZATION_LEVEL = "-O";
				VALIDATE_PRODUCT = YES;
			};
			name = Release;
		};
		703D2EA528E697D700D7E952 /* Debug */ = {
			isa = XCBuildConfiguration;
			buildSettings = {
				ASSETCATALOG_COMPILER_APPICON_NAME = AppIcon;
				ASSETCATALOG_COMPILER_GLOBAL_ACCENT_COLOR_NAME = AccentColor;
				CODE_SIGN_STYLE = Automatic;
				CURRENT_PROJECT_VERSION = 1;
				DEVELOPMENT_ASSET_PATHS = "\"Comic-app-karinca/Preview Content\"";
				DEVELOPMENT_TEAM = E69DDQFFQH;
				ENABLE_PREVIEWS = YES;
				GENERATE_INFOPLIST_FILE = YES;
				INFOPLIST_KEY_UIApplicationSceneManifest_Generation = YES;
				INFOPLIST_KEY_UIApplicationSupportsIndirectInputEvents = YES;
				INFOPLIST_KEY_UILaunchScreen_Generation = YES;
				INFOPLIST_KEY_UISupportedInterfaceOrientations_iPad = "UIInterfaceOrientationPortrait UIInterfaceOrientationPortraitUpsideDown UIInterfaceOrientationLandscapeLeft UIInterfaceOrientationLandscapeRight";
				INFOPLIST_KEY_UISupportedInterfaceOrientations_iPhone = "UIInterfaceOrientationPortrait UIInterfaceOrientationLandscapeLeft UIInterfaceOrientationLandscapeRight";
				LD_RUNPATH_SEARCH_PATHS = (
					"$(inherited)",
					"@executable_path/Frameworks",
				);
				MARKETING_VERSION = 1.0;
				PRODUCT_BUNDLE_IDENTIFIER = "co.karinca.Comic-app-karinca";
				PRODUCT_NAME = "$(TARGET_NAME)";
				SWIFT_EMIT_LOC_STRINGS = YES;
				SWIFT_VERSION = 5.0;
				TARGETED_DEVICE_FAMILY = "1,2";
			};
			name = Debug;
		};
		703D2EA628E697D700D7E952 /* Release */ = {
			isa = XCBuildConfiguration;
			buildSettings = {
				ASSETCATALOG_COMPILER_APPICON_NAME = AppIcon;
				ASSETCATALOG_COMPILER_GLOBAL_ACCENT_COLOR_NAME = AccentColor;
				CODE_SIGN_STYLE = Automatic;
				CURRENT_PROJECT_VERSION = 1;
				DEVELOPMENT_ASSET_PATHS = "\"Comic-app-karinca/Preview Content\"";
				DEVELOPMENT_TEAM = E69DDQFFQH;
				ENABLE_PREVIEWS = YES;
				GENERATE_INFOPLIST_FILE = YES;
				INFOPLIST_KEY_UIApplicationSceneManifest_Generation = YES;
				INFOPLIST_KEY_UIApplicationSupportsIndirectInputEvents = YES;
				INFOPLIST_KEY_UILaunchScreen_Generation = YES;
				INFOPLIST_KEY_UISupportedInterfaceOrientations_iPad = "UIInterfaceOrientationPortrait UIInterfaceOrientationPortraitUpsideDown UIInterfaceOrientationLandscapeLeft UIInterfaceOrientationLandscapeRight";
				INFOPLIST_KEY_UISupportedInterfaceOrientations_iPhone = "UIInterfaceOrientationPortrait UIInterfaceOrientationLandscapeLeft UIInterfaceOrientationLandscapeRight";
				LD_RUNPATH_SEARCH_PATHS = (
					"$(inherited)",
					"@executable_path/Frameworks",
				);
				MARKETING_VERSION = 1.0;
				PRODUCT_BUNDLE_IDENTIFIER = "co.karinca.Comic-app-karinca";
				PRODUCT_NAME = "$(TARGET_NAME)";
				SWIFT_EMIT_LOC_STRINGS = YES;
				SWIFT_VERSION = 5.0;
				TARGETED_DEVICE_FAMILY = "1,2";
			};
			name = Release;
		};
/* End XCBuildConfiguration section */

/* Begin XCConfigurationList section */
		703D2E9128E697D600D7E952 /* Build configuration list for PBXProject "Comic-app-karinca" */ = {
			isa = XCConfigurationList;
			buildConfigurations = (
				703D2EA228E697D700D7E952 /* Debug */,
				703D2EA328E697D700D7E952 /* Release */,
			);
			defaultConfigurationIsVisible = 0;
			defaultConfigurationName = Release;
		};
		703D2EA428E697D700D7E952 /* Build configuration list for PBXNativeTarget "Comic-app-karinca" */ = {
			isa = XCConfigurationList;
			buildConfigurations = (
				703D2EA528E697D700D7E952 /* Debug */,
				703D2EA628E697D700D7E952 /* Release */,
			);
			defaultConfigurationIsVisible = 0;
			defaultConfigurationName = Release;
		};
/* End XCConfigurationList section */
	};
	rootObject = 703D2E8E28E697D600D7E952 /* Project object */;
}
